
Microsoft Visual Studio Solution File, Format Version 12.00
# Visual Studio Version 16
VisualStudioVersion = 16.0.809.0
MinimumVisualStudioVersion = 10.0.40219.1
Project("{FAE04EC0-301F-11D3-BF4B-00C04F79EFBC}") = "day-2", "day-2.csproj", "{B2146D53-C1B5-42BC-BE83-B81914D89CCD}"
EndProject
Global
	GlobalSection(SolutionConfigurationPlatforms) = preSolution
		Debug|Any CPU = Debug|Any CPU
		Release|Any CPU = Release|Any CPU
	EndGlobalSection
	GlobalSection(ProjectConfigurationPlatforms) = postSolution
		{B2146D53-C1B5-42BC-BE83-B81914D89CCD}.Debug|Any CPU.ActiveCfg = Debug|Any CPU
		{B2146D53-C1B5-42BC-BE83-B81914D89CCD}.Debug|Any CPU.Build.0 = Debug|Any CPU
		{B2146D53-C1B5-42BC-BE83-B81914D89CCD}.Release|Any CPU.ActiveCfg = Release|Any CPU
		{B2146D53-C1B5-42BC-BE83-B81914D89CCD}.Release|Any CPU.Build.0 = Release|Any CPU
	EndGlobalSection
	GlobalSection(SolutionProperties) = preSolution
		HideSolutionNode = FALSE
	EndGlobalSection
	GlobalSection(ExtensibilityGlobals) = postSolution
		SolutionGuid = {13182BFE-27A3-492B-8424-73A1B795D24B}
	EndGlobalSection
EndGlobal
